Microsoft Visual Studio Solution File, Format Version 12.00
# Visual Studio Version 17
VisualStudioVersion = 17.5.2.0
MinimumVisualStudioVersion = 10.0.40219.1
Project("{FAE04EC0-301F-11D3-BF4B-00C04F79EFBC}") = "7andAHalf", "7andAHalf.csproj", "{B10BC22E-BB85-3303-E46B-A915FFBA1D69}"
EndProject
Global
	GlobalSection(SolutionConfigurationPlatforms) = preSolution
		Debug|Any CPU = Debug|Any CPU
		Release|Any CPU = Release|Any CPU
	EndGlobalSection
	GlobalSection(ProjectConfigurationPlatforms) = postSolution
		{B10BC22E-BB85-3303-E46B-A915FFBA1D69}.Debug|Any CPU.ActiveCfg = Debug|Any CPU
		{B10BC22E-BB85-3303-E46B-A915FFBA1D69}.Debug|Any CPU.Build.0 = Debug|Any CPU
		{B10BC22E-BB85-3303-E46B-A915FFBA1D69}.Release|Any CPU.ActiveCfg = Release|Any CPU
		{B10BC22E-BB85-3303-E46B-A915FFBA1D69}.Release|Any CPU.Build.0 = Release|Any CPU
	EndGlobalSection
	GlobalSection(SolutionProperties) = preSolution
		HideSolutionNode = FALSE
	EndGlobalSection
	GlobalSection(ExtensibilityGlobals) = postSolution
		SolutionGuid = {A9400724-EF22-4C8B-91B6-F4C5593AB66C}
	EndGlobalSection
EndGlobal
